{
  "version": 4,
  "terraform_version": "1.14.1",
  "serial": 12,
  "lineage": "cbf07483-3ba7-d760-2cf2-1c80eef65c3e",
  "outputs": {
    "cloudfront_distribution_id": {
      "value": "E2JCZU2LRUUOE4",
      "type": "string"
    },
    "cloudfront_domain_name": {
      "value": "d36irhe70ce09z.cloudfront.net",
      "type": "string"
    },
    "s3_bucket_name": {
      "value": "astro-portfolio-20251211063406969400000002",
      "type": "string"
    },
    "website_url": {
      "value": "https://wilbertcastillo.com",
      "type": "string"
    }
  },
  "resources": [
    {
      "mode": "data",
      "type": "cloudflare_zone",
      "name": "this",
      "provider": "provider[\"registry.terraform.io/cloudflare/cloudflare\"]",
      "instances": [
        {
          "schema_version": 0,
          "attributes": {
            "account_id": "c0472d4adf4818356046a0c9fc987166",
            "id": "4e2f9b4eb6938d0d8268db4bd6134f46",
            "name": "wilbertcastillo.com",
            "name_servers": [
              "jade.ns.cloudflare.com",
              "phil.ns.cloudflare.com"
            ],
            "paused": false,
            "plan": "Free Website",
            "status": "active",
            "vanity_name_servers": [],
            "zone_id": "4e2f9b4eb6938d0d8268db4bd6134f46"
          },
          "sensitive_attributes": [],
          "identity_schema_version": 0
        }
      ]
    },
    {
      "mode": "managed",
      "type": "aws_acm_certificate",
      "name": "cert",
      "provider": "provider[\"registry.terraform.io/hashicorp/aws\"]",
      "instances": [
        {
          "schema_version": 0,
          "attributes": {
            "arn": "arn:aws:acm:us-east-1:781333962673:certificate/76dc44e2-c500-4ec8-8d85-13539cfa1456",
            "certificate_authority_arn": "",
            "certificate_body": null,
            "certificate_chain": null,
            "domain_name": "wilbertcastillo.com",
            "domain_validation_options": [
              {
                "domain_name": "wilbertcastillo.com",
                "resource_record_name": "_c8aecac22946d0ee9f32f04173422de7.wilbertcastillo.com.",
                "resource_record_type": "CNAME",
                "resource_record_value": "_c6458be924a4379e7109dfee066ce741.jkddzztszm.acm-validations.aws."
              }
            ],
            "early_renewal_duration": "",
            "id": "arn:aws:acm:us-east-1:781333962673:certificate/76dc44e2-c500-4ec8-8d85-13539cfa1456",
            "key_algorithm": "RSA_2048",
            "not_after": "2027-01-09T23:59:59Z",
            "not_before": "2025-12-11T00:00:00Z",
            "options": [
              {
                "certificate_transparency_logging_preference": "ENABLED"
              }
            ],
            "pending_renewal": false,
            "private_key": null,
            "renewal_eligibility": "INELIGIBLE",
            "renewal_summary": [],
            "status": "ISSUED",
            "subject_alternative_names": [
              "wilbertcastillo.com"
            ],
            "tags": {},
            "tags_all": {},
            "type": "AMAZON_ISSUED",
            "validation_emails": [],
            "validation_method": "DNS",
            "validation_option": []
          },
          "sensitive_attributes": [
            [
              {
                "type": "get_attr",
                "value": "private_key"
              }
            ]
          ],
          "identity_schema_version": 0,
          "private": "bnVsbA==",
          "create_before_destroy": true
        }
      ]
    },
    {
      "mode": "managed",
      "type": "aws_acm_certificate_validation",
      "name": "cert_validation",
      "provider": "provider[\"registry.terraform.io/hashicorp/aws\"]",
      "instances": [
        {
          "schema_version": 0,
          "attributes": {
            "certificate_arn": "arn:aws:acm:us-east-1:781333962673:certificate/76dc44e2-c500-4ec8-8d85-13539cfa1456",
            "id": "2025-12-11 06:34:21.726 +0000 UTC",
            "timeouts": null,
            "validation_record_fqdns": [
              "_c8aecac22946d0ee9f32f04173422de7.wilbertcastillo.com"
            ]
          },
          "sensitive_attributes": [],
          "identity_schema_version": 0,
          "private": "eyJlMmJmYjczMC1lY2FhLTExZTYtOGY4OC0zNDM2M2JjN2M0YzAiOnsiY3JlYXRlIjo0NTAwMDAwMDAwMDAwfX0=",
          "dependencies": [
            "aws_acm_certificate.cert",
            "cloudflare_record.acm_validation",
            "data.cloudflare_zone.this"
          ]
        }
      ]
    },
    {
      "mode": "managed",
      "type": "aws_cloudfront_distribution",
      "name": "s3_distribution",
      "provider": "provider[\"registry.terraform.io/hashicorp/aws\"]",
      "instances": [
        {
          "schema_version": 1,
          "attributes": {
            "aliases": [
              "wilbertcastillo.com"
            ],
            "arn": "arn:aws:cloudfront::781333962673:distribution/E2JCZU2LRUUOE4",
            "caller_reference": "terraform-20251211063728354000000001",
            "comment": null,
            "continuous_deployment_policy_id": "",
            "custom_error_response": [],
            "default_cache_behavior": [
              {
                "allowed_methods": [
                  "GET",
                  "HEAD"
                ],
                "cache_policy_id": "",
                "cached_methods": [
                  "GET",
                  "HEAD"
                ],
                "compress": false,
                "default_ttl": 3600,
                "field_level_encryption_id": "",
                "forwarded_values": [
                  {
                    "cookies": [
                      {
                        "forward": "none",
                        "whitelisted_names": []
                      }
                    ],
                    "headers": [],
                    "query_string": false,
                    "query_string_cache_keys": []
                  }
                ],
                "function_association": [],
                "grpc_config": [
                  {
                    "enabled": false
                  }
                ],
                "lambda_function_association": [],
                "max_ttl": 86400,
                "min_ttl": 0,
                "origin_request_policy_id": "",
                "realtime_log_config_arn": "",
                "response_headers_policy_id": "",
                "smooth_streaming": false,
                "target_origin_id": "S3Origin",
                "trusted_key_groups": [],
                "trusted_signers": [],
                "viewer_protocol_policy": "redirect-to-https"
              }
            ],
            "default_root_object": "index.html",
            "domain_name": "d36irhe70ce09z.cloudfront.net",
            "enabled": true,
            "etag": "E1G96JKO822A9I",
            "hosted_zone_id": "Z2FDTNDATAQYW2",
            "http_version": "http2",
            "id": "E2JCZU2LRUUOE4",
            "in_progress_validation_batches": 0,
            "is_ipv6_enabled": true,
            "last_modified_time": "2025-12-11 06:37:28.933 +0000 UTC",
            "logging_config": [],
            "ordered_cache_behavior": [],
            "origin": [
              {
                "connection_attempts": 3,
                "connection_timeout": 10,
                "custom_header": [],
                "custom_origin_config": [],
                "domain_name": "astro-portfolio-20251211063406969400000002.s3.us-east-1.amazonaws.com",
                "origin_access_control_id": "EZMX9LKWSKN73",
                "origin_id": "S3Origin",
                "origin_path": "",
                "origin_shield": [],
                "s3_origin_config": [],
                "vpc_origin_config": []
              }
            ],
            "origin_group": [],
            "price_class": "PriceClass_All",
            "restrictions": [
              {
                "geo_restriction": [
                  {
                    "locations": [],
                    "restriction_type": "none"
                  }
                ]
              }
            ],
            "retain_on_delete": false,
            "staging": false,
            "status": "Deployed",
            "tags": null,
            "tags_all": {},
            "trusted_key_groups": [
              {
                "enabled": false,
                "items": []
              }
            ],
            "trusted_signers": [
              {
                "enabled": false,
                "items": []
              }
            ],
            "viewer_certificate": [
              {
                "acm_certificate_arn": "arn:aws:acm:us-east-1:781333962673:certificate/76dc44e2-c500-4ec8-8d85-13539cfa1456",
                "cloudfront_default_certificate": false,
                "iam_certificate_id": "",
                "minimum_protocol_version": "TLSv1.2_2021",
                "ssl_support_method": "sni-only"
              }
            ],
            "wait_for_deployment": true,
            "web_acl_id": ""
          },
          "sensitive_attributes": [],
          "identity_schema_version": 0,
          "private": "eyJzY2hlbWFfdmVyc2lvbiI6IjEifQ==",
          "dependencies": [
            "aws_acm_certificate.cert",
            "aws_acm_certificate_validation.cert_validation",
            "aws_cloudfront_origin_access_control.default",
            "aws_s3_bucket.portfolio_bucket",
            "cloudflare_record.acm_validation",
            "data.cloudflare_zone.this"
          ]
        }
      ]
    },
    {
      "mode": "managed",
      "type": "aws_cloudfront_origin_access_control",
      "name": "default",
      "provider": "provider[\"registry.terraform.io/hashicorp/aws\"]",
      "instances": [
        {
          "schema_version": 0,
          "attributes": {
            "arn": "arn:aws:cloudfront::781333962673:origin-access-control/EZMX9LKWSKN73",
            "description": "Grant CloudFront access to S3",
            "etag": "ETVPDKIKX0DER",
            "id": "EZMX9LKWSKN73",
            "name": "portfolio-oac",
            "origin_access_control_origin_type": "s3",
            "signing_behavior": "always",
            "signing_protocol": "sigv4"
          },
          "sensitive_attributes": [],
          "identity_schema_version": 0,
          "private": "bnVsbA=="
        }
      ]
    },
    {
      "mode": "managed",
      "type": "aws_s3_bucket",
      "name": "portfolio_bucket",
      "provider": "provider[\"registry.terraform.io/hashicorp/aws\"]",
      "instances": [
        {
          "schema_version": 0,
          "attributes": {
            "acceleration_status": "",
            "acl": null,
            "arn": "arn:aws:s3:::astro-portfolio-20251211063406969400000002",
            "bucket": "astro-portfolio-20251211063406969400000002",
            "bucket_domain_name": "astro-portfolio-20251211063406969400000002.s3.amazonaws.com",
            "bucket_prefix": "astro-portfolio-",
            "bucket_regional_domain_name": "astro-portfolio-20251211063406969400000002.s3.us-east-1.amazonaws.com",
            "cors_rule": [],
            "force_destroy": true,
            "grant": [
              {
                "id": "fd911aa50b7ed77ee51ed07ad2f725da03d57d7a48d5f10dd963eda1e1ba10b7",
                "permissions": [
                  "FULL_CONTROL"
                ],
                "type": "CanonicalUser",
                "uri": ""
              }
            ],
            "hosted_zone_id": "Z3AQBSTGFYJSTF",
            "id": "astro-portfolio-20251211063406969400000002",
            "lifecycle_rule": [],
            "logging": [],
            "object_lock_configuration": [],
            "object_lock_enabled": false,
            "policy": "",
            "region": "us-east-1",
            "replication_configuration": [],
            "request_payer": "BucketOwner",
            "server_side_encryption_configuration": [
              {
                "rule": [
                  {
                    "apply_server_side_encryption_by_default": [
                      {
                        "kms_master_key_id": "",
                        "sse_algorithm": "AES256"
                      }
                    ],
                    "bucket_key_enabled": false
                  }
                ]
              }
            ],
            "tags": {},
            "tags_all": {},
            "timeouts": null,
            "versioning": [
              {
                "enabled": false,
                "mfa_delete": false
              }
            ],
            "website": [],
            "website_domain": null,
            "website_endpoint": null
          },
          "sensitive_attributes": [],
          "identity_schema_version": 0,
          "private": "eyJlMmJmYjczMC1lY2FhLTExZTYtOGY4OC0zNDM2M2JjN2M0YzAiOnsiY3JlYXRlIjoxMjAwMDAwMDAwMDAwLCJkZWxldGUiOjM2MDAwMDAwMDAwMDAsInJlYWQiOjEyMDAwMDAwMDAwMDAsInVwZGF0ZSI6MTIwMDAwMDAwMDAwMH19"
        }
      ]
    },
    {
      "mode": "managed",
      "type": "aws_s3_bucket_policy",
      "name": "allow_cloudfront",
      "provider": "provider[\"registry.terraform.io/hashicorp/aws\"]",
      "instances": [
        {
          "schema_version": 0,
          "attributes": {
            "bucket": "astro-portfolio-20251211063406969400000002",
            "id": "astro-portfolio-20251211063406969400000002",
            "policy": "{\"Statement\":[{\"Action\":\"s3:GetObject\",\"Condition\":{\"StringEquals\":{\"AWS:SourceArn\":\"arn:aws:cloudfront::781333962673:distribution/E2JCZU2LRUUOE4\"}},\"Effect\":\"Allow\",\"Principal\":{\"Service\":\"cloudfront.amazonaws.com\"},\"Resource\":\"arn:aws:s3:::astro-portfolio-20251211063406969400000002/*\",\"Sid\":\"AllowCloudFrontServicePrincipal\"}],\"Version\":\"2012-10-17\"}"
          },
          "sensitive_attributes": [],
          "identity_schema_version": 0,
          "private": "bnVsbA==",
          "dependencies": [
            "aws_acm_certificate.cert",
            "aws_acm_certificate_validation.cert_validation",
            "aws_cloudfront_distribution.s3_distribution",
            "aws_cloudfront_origin_access_control.default",
            "aws_s3_bucket.portfolio_bucket",
            "cloudflare_record.acm_validation",
            "data.cloudflare_zone.this"
          ]
        }
      ]
    },
    {
      "mode": "managed",
      "type": "aws_s3_bucket_public_access_block",
      "name": "portfolio_block",
      "provider": "provider[\"registry.terraform.io/hashicorp/aws\"]",
      "instances": [
        {
          "schema_version": 0,
          "attributes": {
            "block_public_acls": true,
            "block_public_policy": true,
            "bucket": "astro-portfolio-20251211063406969400000002",
            "id": "astro-portfolio-20251211063406969400000002",
            "ignore_public_acls": true,
            "restrict_public_buckets": true
          },
          "sensitive_attributes": [],
          "identity_schema_version": 0,
          "private": "bnVsbA==",
          "dependencies": [
            "aws_s3_bucket.portfolio_bucket"
          ]
        }
      ]
    },
    {
      "mode": "managed",
      "type": "cloudflare_record",
      "name": "acm_validation",
      "provider": "provider[\"registry.terraform.io/cloudflare/cloudflare\"]",
      "instances": [
        {
          "index_key": "wilbertcastillo.com",
          "schema_version": 3,
          "attributes": {
            "allow_overwrite": false,
            "comment": "",
            "content": "_c6458be924a4379e7109dfee066ce741.jkddzztszm.acm-validations.aws",
            "created_on": "2025-12-11T06:37:26.515619Z",
            "data": [],
            "hostname": "_c8aecac22946d0ee9f32f04173422de7.wilbertcastillo.com",
            "id": "c5bdb4dd8bffdec6f4a50471fa61cd6f",
            "metadata": {},
            "modified_on": "2025-12-11T06:37:26.515619Z",
            "name": "_c8aecac22946d0ee9f32f04173422de7.wilbertcastillo.com.",
            "priority": null,
            "proxiable": false,
            "proxied": false,
            "tags": null,
            "timeouts": null,
            "ttl": 60,
            "type": "CNAME",
            "value": null,
            "zone_id": "4e2f9b4eb6938d0d8268db4bd6134f46"
          },
          "sensitive_attributes": [],
          "identity_schema_version": 0,
          "private": "eyJlMmJmYjczMC1lY2FhLTExZTYtOGY4OC0zNDM2M2JjN2M0YzAiOnsiY3JlYXRlIjozMDAwMDAwMDAwMCwidXBkYXRlIjozMDAwMDAwMDAwMH0sInNjaGVtYV92ZXJzaW9uIjoiMyJ9",
          "dependencies": [
            "aws_acm_certificate.cert",
            "data.cloudflare_zone.this"
          ]
        }
      ]
    },
    {
      "mode": "managed",
      "type": "cloudflare_record",
      "name": "root_domain",
      "provider": "provider[\"registry.terraform.io/cloudflare/cloudflare\"]",
      "instances": [
        {
          "schema_version": 3,
          "attributes": {
            "allow_overwrite": false,
            "comment": "",
            "content": "d36irhe70ce09z.cloudfront.net",
            "created_on": "2025-12-11T06:43:11.812589Z",
            "data": [],
            "hostname": "wilbertcastillo.com",
            "id": "5bb7858baa5cf7c8572b44c1c8fd477b",
            "metadata": {},
            "modified_on": "2025-12-11T06:43:11.812589Z",
            "name": "@",
            "priority": null,
            "proxiable": true,
            "proxied": false,
            "tags": null,
            "timeouts": null,
            "ttl": 3600,
            "type": "CNAME",
            "value": null,
            "zone_id": "4e2f9b4eb6938d0d8268db4bd6134f46"
          },
          "sensitive_attributes": [],
          "identity_schema_version": 0,
          "private": "eyJlMmJmYjczMC1lY2FhLTExZTYtOGY4OC0zNDM2M2JjN2M0YzAiOnsiY3JlYXRlIjozMDAwMDAwMDAwMCwidXBkYXRlIjozMDAwMDAwMDAwMH0sInNjaGVtYV92ZXJzaW9uIjoiMyJ9",
          "dependencies": [
            "aws_acm_certificate.cert",
            "aws_acm_certificate_validation.cert_validation",
            "aws_cloudfront_distribution.s3_distribution",
            "aws_cloudfront_origin_access_control.default",
            "aws_s3_bucket.portfolio_bucket",
            "cloudflare_record.acm_validation",
            "data.cloudflare_zone.this"
          ]
        }
      ]
    }
  ],
  "check_results": null
}
